
Microsoft Visual Studio Solution File, Format Version 10.00
# Visual C# Express 2008
Project("{FAE04EC0-301F-11D3-BF4B-00C04F79EFBC}") = "SynchronousMultipleCapture", "SynchronousMultipleCapture.csproj", "{FA27993C-68F2-4F44-9C1C-F0922C499DFD}"
EndProject
Global
	GlobalSection(SolutionConfigurationPlatforms) = preSolution
		Debug|Any CPU = Debug|Any CPU
		Release|Any CPU = Release|Any CPU
	EndGlobalSection
	GlobalSection(ProjectConfigurationPlatforms) = postSolution
		{FA27993C-68F2-4F44-9C1C-F0922C499DFD}.Debug|Any CPU.ActiveCfg = Debug|Any CPU
		{FA27993C-68F2-4F44-9C1C-F0922C499DFD}.Debug|Any CPU.Build.0 = Debug|Any CPU
		{FA27993C-68F2-4F44-9C1C-F0922C499DFD}.Release|Any CPU.ActiveCfg = Release|Any CPU
		{FA27993C-68F2-4F44-9C1C-F0922C499DFD}.Release|Any CPU.Build.0 = Release|Any CPU
	EndGlobalSection
	GlobalSection(SolutionProperties) = preSolution
		HideSolutionNode = FALSE
	EndGlobalSection
EndGlobal
